<?xml version="1.0" encoding="utf-8"?>
<Project ToolsVersion="4.0" xmlns="http://schemas.microsoft.com/developer/msbuild/2003">
  <ItemGroup>
    <Filter Include="win32">
      <UniqueIdentifier>{84a8ebd7-7cf0-47f6-b75e-d441df67da40}</UniqueIdentifier>
    </Filter>
    <Filter Include="resource">
      <UniqueIdentifier>{715254bc-d70b-4ec5-bf29-467dd3ace079}</UniqueIdentifier>
    </Filter>
    <Filter Include="src">
      <UniqueIdentifier>{bb6c862e-70e9-49d9-81b7-3829a6f50471}</UniqueIdentifier>
    </Filter>
    <Filter Include="src\Scene">
      <UniqueIdentifier>{c85238cf-783f-4527-b416-a001a81d59cb}</UniqueIdentifier>
    </Filter>
    <Filter Include="src\Other">
      <UniqueIdentifier>{8337e8a3-4b10-4be8-a7d9-7038bc68c24e}</UniqueIdentifier>
    </Filter>
    <Filter Include="src\Nodes">
      <UniqueIdentifier>{bb68a06f-7543-48f4-ab88-099abb57d690}</UniqueIdentifier>
    </Filter>
  </ItemGroup>
  <ItemGroup>
    <ClCompile Include="main.cpp">
      <Filter>win32</Filter>
    </ClCompile>
    <ClCompile Include="..\Classes\AppDelegate.cpp">
      <Filter>src</Filter>
    </ClCompile>
    <ClCompile Include="..\Classes\Machine.cpp">
      <Filter>src\Other</Filter>
    </ClCompile>
    <ClCompile Include="..\Classes\FakeClient.cpp">
      <Filter>src\Other</Filter>
    </ClCompile>
    <ClCompile Include="..\Classes\GameScene.cpp">
      <Filter>src\Scene</Filter>
    </ClCompile>
    <ClCompile Include="..\Classes\GameSprite.cpp">
      <Filter>src\Other</Filter>
    </ClCompile>
    <ClCompile Include="..\Classes\DrumNode.cpp">
      <Filter>src\Nodes</Filter>
    </ClCompile>
    <ClCompile Include="..\Classes\MHttpClient.cpp">
      <Filter>src\Other</Filter>
    </ClCompile>
  </ItemGroup>
  <ItemGroup>
    <ClInclude Include="main.h">
      <Filter>win32</Filter>
    </ClInclude>
    <ClInclude Include="..\Classes\AppDelegate.h">
      <Filter>src</Filter>
    </ClInclude>
    <ClInclude Include="..\Classes\Machine.h">
      <Filter>src\Other</Filter>
    </ClInclude>
    <ClInclude Include="..\Classes\Client.h">
      <Filter>src\Other</Filter>
    </ClInclude>
    <ClInclude Include="..\Classes\FakeClient.h">
      <Filter>src\Other</Filter>
    </ClInclude>
    <ClInclude Include="..\Classes\GameScene.h">
      <Filter>src\Scene</Filter>
    </ClInclude>
    <ClInclude Include="..\Classes\GameSprite.h">
      <Filter>src\Other</Filter>
    </ClInclude>
    <ClInclude Include="..\Classes\DrumNode.h">
      <Filter>src\Nodes</Filter>
    </ClInclude>
    <ClInclude Include="..\Classes\MHttpClient.h">
      <Filter>src\Other</Filter>
    </ClInclude>
  </ItemGroup>
  <ItemGroup>
    <ResourceCompile Include="game.rc">
      <Filter>resource</Filter>
    </ResourceCompile>
  </ItemGroup>
</Project>